
Microsoft Visual Studio Solution File, Format Version 12.00
# Visual Studio 15
VisualStudioVersion = 15.0.26403.7
MinimumVisualStudioVersion = 10.0.40219.1
Project("{FAE04EC0-301F-11D3-BF4B-00C04F79EFBC}") = "P3Net.CodeRush.ContextProviders", "P3Net.CodeRush.ContextProviders\P3Net.CodeRush.ContextProviders.csproj", "{08EDE138-C862-47CC-A720-A6DDC011FB41}"
EndProject
Project("{FAE04EC0-301F-11D3-BF4B-00C04F79EFBC}") = "P3NetCodeRushContextProvidersInstaller", "P3NetCodeRushContextProvidersInstaller\P3NetCodeRushContextProvidersInstaller.csproj", "{D6E39614-43CF-4015-B729-9F180D63A018}"
EndProject
Global
	GlobalSection(SolutionConfigurationPlatforms) = preSolution
		Debug|Any CPU = Debug|Any CPU
		Release|Any CPU = Release|Any CPU
	EndGlobalSection
	GlobalSection(ProjectConfigurationPlatforms) = postSolution
		{08EDE138-C862-47CC-A720-A6DDC011FB41}.Debug|Any CPU.ActiveCfg = Debug|Any CPU
		{08EDE138-C862-47CC-A720-A6DDC011FB41}.Debug|Any CPU.Build.0 = Debug|Any CPU
		{08EDE138-C862-47CC-A720-A6DDC011FB41}.Release|Any CPU.ActiveCfg = Release|Any CPU
		{08EDE138-C862-47CC-A720-A6DDC011FB41}.Release|Any CPU.Build.0 = Release|Any CPU
		{D6E39614-43CF-4015-B729-9F180D63A018}.Debug|Any CPU.ActiveCfg = Debug|Any CPU
		{D6E39614-43CF-4015-B729-9F180D63A018}.Debug|Any CPU.Build.0 = Debug|Any CPU
		{D6E39614-43CF-4015-B729-9F180D63A018}.Release|Any CPU.ActiveCfg = Release|Any CPU
		{D6E39614-43CF-4015-B729-9F180D63A018}.Release|Any CPU.Build.0 = Release|Any CPU
	EndGlobalSection
	GlobalSection(SolutionProperties) = preSolution
		HideSolutionNode = FALSE
	EndGlobalSection
	GlobalSection(TeamFoundationVersionControl) = preSolution
		SccNumberOfProjects = 3
		SccEnterpriseProvider = {4CA58AB2-18FA-4F8D-95D4-32DDF27D184C}
		SccTeamFoundationServer = https://cooldadtx.visualstudio.com/
		SccLocalPath0 = .
		SccProjectUniqueName1 = P3NetCodeRushContextProvidersInstaller\\P3NetCodeRushContextProvidersInstaller.csproj
		SccProjectName1 = P3NetCodeRushContextProvidersInstaller
		SccLocalPath1 = P3NetCodeRushContextProvidersInstaller
		SccProjectUniqueName2 = P3Net.CodeRush.ContextProviders\\P3Net.CodeRush.ContextProviders.csproj
		SccProjectName2 = P3Net.CodeRush.ContextProviders
		SccLocalPath2 = P3Net.CodeRush.ContextProviders
	EndGlobalSection
EndGlobal
